
Microsoft Visual Studio Solution File, Format Version 12.00
# Visual Studio 15
VisualStudioVersion = 15.0.27428.2005
MinimumVisualStudioVersion = 10.0.40219.1
Project("{FAE04EC0-301F-11D3-BF4B-00C04F79EFBC}") = "Autolect", "Autolect\Autolect.csproj", "{03AF9B40-B4EC-46A3-BEDC-01541C164356}"
EndProject
Global
	GlobalSection(SolutionConfigurationPlatforms) = preSolution
		Debug|Any CPU = Debug|Any CPU
		Release|Any CPU = Release|Any CPU
	EndGlobalSection
	GlobalSection(ProjectConfigurationPlatforms) = postSolution
		{03AF9B40-B4EC-46A3-BEDC-01541C164356}.Debug|Any CPU.ActiveCfg = Debug|Any CPU
		{03AF9B40-B4EC-46A3-BEDC-01541C164356}.Debug|Any CPU.Build.0 = Debug|Any CPU
		{03AF9B40-B4EC-46A3-BEDC-01541C164356}.Release|Any CPU.ActiveCfg = Release|Any CPU
		{03AF9B40-B4EC-46A3-BEDC-01541C164356}.Release|Any CPU.Build.0 = Release|Any CPU
	EndGlobalSection
	GlobalSection(SolutionProperties) = preSolution
		HideSolutionNode = FALSE
	EndGlobalSection
	GlobalSection(ExtensibilityGlobals) = postSolution
		SolutionGuid = {A364EBAB-BA66-451B-B7F0-A6E6B00C428A}
	EndGlobalSection
EndGlobal
